
Microsoft Visual Studio Solution File, Format Version 12.00
# Visual Studio Version 16
VisualStudioVersion = 16.0.29709.97
MinimumVisualStudioVersion = 10.0.40219.1
Project("{FAE04EC0-301F-11D3-BF4B-00C04F79EFBC}") = "Homework_3", "Homework_3.csproj", "{97C7DA21-B3E6-4547-B232-6637B2B83CB0}"
EndProject
Global
	GlobalSection(SolutionConfigurationPlatforms) = preSolution
		Debug|Any CPU = Debug|Any CPU
		Release|Any CPU = Release|Any CPU
	EndGlobalSection
	GlobalSection(ProjectConfigurationPlatforms) = postSolution
		{97C7DA21-B3E6-4547-B232-6637B2B83CB0}.Debug|Any CPU.ActiveCfg = Debug|Any CPU
		{97C7DA21-B3E6-4547-B232-6637B2B83CB0}.Debug|Any CPU.Build.0 = Debug|Any CPU
		{97C7DA21-B3E6-4547-B232-6637B2B83CB0}.Release|Any CPU.ActiveCfg = Release|Any CPU
		{97C7DA21-B3E6-4547-B232-6637B2B83CB0}.Release|Any CPU.Build.0 = Release|Any CPU
	EndGlobalSection
	GlobalSection(SolutionProperties) = preSolution
		HideSolutionNode = FALSE
	EndGlobalSection
	GlobalSection(ExtensibilityGlobals) = postSolution
		SolutionGuid = {DDC2C2A3-D1A3-4215-A627-19B26C37EFB0}
	EndGlobalSection
EndGlobal
