
Microsoft Visual Studio Solution File, Format Version 12.00
# Visual Studio Version 16
VisualStudioVersion = 16.0.29709.97
MinimumVisualStudioVersion = 10.0.40219.1
Project("{FAE04EC0-301F-11D3-BF4B-00C04F79EFBC}") = "Hommework2", "Hommework2.csproj", "{065E225F-FBE5-4428-8A33-82E6ECE8F78A}"
EndProject
Global
	GlobalSection(SolutionConfigurationPlatforms) = preSolution
		Debug|Any CPU = Debug|Any CPU
		Release|Any CPU = Release|Any CPU
	EndGlobalSection
	GlobalSection(ProjectConfigurationPlatforms) = postSolution
		{065E225F-FBE5-4428-8A33-82E6ECE8F78A}.Debug|Any CPU.ActiveCfg = Debug|Any CPU
		{065E225F-FBE5-4428-8A33-82E6ECE8F78A}.Debug|Any CPU.Build.0 = Debug|Any CPU
		{065E225F-FBE5-4428-8A33-82E6ECE8F78A}.Release|Any CPU.ActiveCfg = Release|Any CPU
		{065E225F-FBE5-4428-8A33-82E6ECE8F78A}.Release|Any CPU.Build.0 = Release|Any CPU
	EndGlobalSection
	GlobalSection(SolutionProperties) = preSolution
		HideSolutionNode = FALSE
	EndGlobalSection
	GlobalSection(ExtensibilityGlobals) = postSolution
		SolutionGuid = {AFBFFF2F-BA1E-4F18-BA90-7950D65D0E10}
	EndGlobalSection
EndGlobal
